
Microsoft Visual Studio Solution File, Format Version 12.00
# Visual Studio Version 17
VisualStudioVersion = 17.7.34003.232
MinimumVisualStudioVersion = 10.0.40219.1
Project("{FAE04EC0-301F-11D3-BF4B-00C04F79EFBC}") = "BookApp", "BookApp.csproj", "{66D791CA-ADDA-4451-822E-90DCADD5D6A7}"
EndProject
Global
	GlobalSection(SolutionConfigurationPlatforms) = preSolution
		Debug|Any CPU = Debug|Any CPU
		Release|Any CPU = Release|Any CPU
	EndGlobalSection
	GlobalSection(ProjectConfigurationPlatforms) = postSolution
		{66D791CA-ADDA-4451-822E-90DCADD5D6A7}.Debug|Any CPU.ActiveCfg = Debug|Any CPU
		{66D791CA-ADDA-4451-822E-90DCADD5D6A7}.Debug|Any CPU.Build.0 = Debug|Any CPU
		{66D791CA-ADDA-4451-822E-90DCADD5D6A7}.Release|Any CPU.ActiveCfg = Release|Any CPU
		{66D791CA-ADDA-4451-822E-90DCADD5D6A7}.Release|Any CPU.Build.0 = Release|Any CPU
	EndGlobalSection
	GlobalSection(SolutionProperties) = preSolution
		HideSolutionNode = FALSE
	EndGlobalSection
	GlobalSection(ExtensibilityGlobals) = postSolution
		SolutionGuid = {261C8EA4-E576-42A5-8812-1DB28BCC6E14}
	EndGlobalSection
EndGlobal
